lockfileVersion: '6.0'

settings:
  autoInstallPeers: true
  excludeLinksFromLockfile: false

dependencies:
  '@angular/core':
    specifier: ^17.3.8
    version: 17.3.8(rxjs@7.8.1)(zone.js@0.14.5)

packages:

  /@angular/core@17.3.8(rxjs@7.8.1)(zone.js@0.14.5):
    resolution: {integrity: sha512-+tUQ+B1yVvNbczzaWBCgJWWIgZ2z+GVJWu+UNOHHWzdqD8qpXjuIkDfnhyLNeGvvXgsqey4u6ApFf2SoFYLjuA==}
    engines: {node: ^18.13.0 || >=20.9.0}
    peerDependencies:
      rxjs: ^6.5.3 || ^7.4.0
      zone.js: ~0.14.0
    dependencies:
      rxjs: 7.8.1
      tslib: 2.6.2
      zone.js: 0.14.5
    dev: false

  /rxjs@7.8.1:
    resolution: {integrity: sha512-AA3TVj+0A2iuIoQkWEK/tqFjBq2j+6PO6Y0zJcvzLAFhEFIO3HL0vls9hWLncZbAAbK0mar7oZ4V079I/qPMxg==}
    dependencies:
      tslib: 2.6.2
    dev: false

  /tslib@2.6.2:
    resolution: {integrity: sha512-AEYxH93jGFPn/a2iVAwW87VuUIkR1FVUKB77NwMF7nBTDkDrrT/Hpt/IrCJ0QXhW27jTBDcf5ZY7w6RiqTMw2Q==}
    dev: false

  /zone.js@0.14.5:
    resolution: {integrity: sha512-9XYWZzY6PhHOSdkYryNcMm7L8EK7a4q+GbTvxbIA2a9lMdRUpGuyaYvLDcg8D6bdn+JomSsbPcilVKg6SmUx6w==}
    dependencies:
      tslib: 2.6.2
    dev: false
